
Microsoft Visual Studio Solution File, Format Version 12.00
# Visual Studio Version 17
VisualStudioVersion = 17.7.34024.191
MinimumVisualStudioVersion = 10.0.40219.1
Project("{FAE04EC0-301F-11D3-BF4B-00C04F79EFBC}") = "WpfAppVonda", "WpfAppVonda\WpfAppVonda.csproj", "{2705AE71-DA25-40A3-86EA-DF07BF028FCC}"
EndProject
Project("{2150E333-8FDC-42A3-9474-1A3956D46DE8}") = "Choto", "Choto", "{1096B804-B2F0-4CA8-BFA8-E864934D33FB}"
	ProjectSection(SolutionItems) = preProject
		WpfAppVonda\Finance, e-commerce, startup, workflow _ account, information, user, profile, data.png = WpfAppVonda\Finance, e-commerce, startup, workflow _ account, information, user, profile, data.png
	EndProjectSection
EndProject
Global
	GlobalSection(SolutionConfigurationPlatforms) = preSolution
		Debug|Any CPU = Debug|Any CPU
		Release|Any CPU = Release|Any CPU
	EndGlobalSection
	GlobalSection(ProjectConfigurationPlatforms) = postSolution
		{2705AE71-DA25-40A3-86EA-DF07BF028FCC}.Debug|Any CPU.ActiveCfg = Debug|Any CPU
		{2705AE71-DA25-40A3-86EA-DF07BF028FCC}.Debug|Any CPU.Build.0 = Debug|Any CPU
		{2705AE71-DA25-40A3-86EA-DF07BF028FCC}.Release|Any CPU.ActiveCfg = Release|Any CPU
		{2705AE71-DA25-40A3-86EA-DF07BF028FCC}.Release|Any CPU.Build.0 = Release|Any CPU
	EndGlobalSection
	GlobalSection(SolutionProperties) = preSolution
		HideSolutionNode = FALSE
	EndGlobalSection
	GlobalSection(ExtensibilityGlobals) = postSolution
		SolutionGuid = {CF256182-D791-40E3-8885-0861C44EEF26}
	EndGlobalSection
EndGlobal
